lockfileVersion: '9.0'

settings:
  autoInstallPeers: true
  excludeLinksFromLockfile: false

importers:

  .:
    dependencies:
      sst:
        specifier: 3.2.11
        version: 3.2.11
    devDependencies:
      '@types/aws-lambda':
        specifier: 8.10.145
        version: 8.10.145
      '@types/node':
        specifier: ^22.7.5
        version: 22.7.5
      typescript:
        specifier: ^5.6.3
        version: 5.6.3

packages:

  '@types/aws-lambda@8.10.145':
    resolution: {integrity: sha512-dtByW6WiFk5W5Jfgz1VM+YPA21xMXTuSFoLYIDY0L44jDLLflVPtZkYuu3/YxpGcvjzKFBZLU+GyKjR0HOYtyw==}

  '@types/node@22.7.5':
    resolution: {integrity: sha512-jML7s2NAzMWc//QSJ1a3prpk78cOPchGvXJsC3C6R6PSMoooztvRVQEz89gmBTBY1SPMaqo5teB4uNHPdetShQ==}

  aws4fetch@1.0.20:
    resolution: {integrity: sha512-/djoAN709iY65ETD6LKCtyyEI04XIBP5xVvfmNxsEP0uJB5tyaGBztSryRr4HqMStr9R06PisQE7m9zDTXKu6g==}

  jose@4.15.9:
    resolution: {integrity: sha512-1vUQX+IdDMVPj4k8kOxgUqlcK518yluMuGZwqlr44FS1ppZB/5GWh4rZG89erpOBOJjU/OBsnCVFfapsRz6nEA==}

  jose@5.2.3:
    resolution: {integrity: sha512-KUXdbctm1uHVL8BYhnyHkgp3zDX5KW8ZhAKVFEfUbU2P8Alpzjb+48hHvjOdQIyPshoblhzsuqOwEEAbtHVirA==}

  lru-cache@6.0.0:
    resolution: {integrity: sha512-Jo6dJ04CmSjuznwJSS3pUeWmd/H0ffTlkXXgwZi+eq1UCmqQwCh+eLsYOYCwY991i2Fah4h1BEMCx4qThGbsiA==}
    engines: {node: '>=10'}

  object-hash@2.2.0:
    resolution: {integrity: sha512-gScRMn0bS5fH+IuwyIFgnh9zBdo4DV+6GhygmWM9HyNJSgS0hScp1f5vjtm7oIIOiT9trXrShAkLFSc2IqKNgw==}
    engines: {node: '>= 6'}

  oidc-token-hash@5.0.3:
    resolution: {integrity: sha512-IF4PcGgzAr6XXSff26Sk/+P4KZFJVuHAJZj3wgO3vX2bMdNVp/QXTP3P7CEm9V1IdG8lDLY3HhiqpsE/nOwpPw==}
    engines: {node: ^10.13.0 || >=12.0.0}

  openid-client@5.6.4:
    resolution: {integrity: sha512-T1h3B10BRPKfcObdBklX639tVz+xh34O7GjofqrqiAQdm7eHsQ00ih18x6wuJ/E6FxdtS2u3FmUGPDeEcMwzNA==}

  sst-darwin-arm64@3.2.11:
    resolution: {integrity: sha512-Je5rDfDbfU0xc2g+Wt9ausBZdx0NAodfrgga+mJKvW8WEYRWU1YKHwTzECjTi2k+gSJdge6q8CWrWqOqQGaSwA==}
    cpu: [arm64]
    os: [darwin]

  sst-darwin-x64@3.2.11:
    resolution: {integrity: sha512-80T/OwxmM7bXmYS3ibYKhRCwCgjarAeDnl0dYi/Wlt2ofuYbCCS+9JLIXf/ZzKmRP/5YlmnptECTBwzrFnNYdw==}
    cpu: [x64]
    os: [darwin]

  sst-linux-arm64@3.2.11:
    resolution: {integrity: sha512-7gVWDZXtCKKynq9rw1UiYEOQDVyy7qfnQYCGowxfDwL60pi2SNMb8KE1aOd+jHYRJNpZjAjC8inSoL46gdfrhg==}
    cpu: [arm64]
    os: [linux]

  sst-linux-x64@3.2.11:
    resolution: {integrity: sha512-W62WiTmKnvGIS3709oQvHaRvq8pUC7Ta2Uf04Rr67idN0+Edyw8X96Yb7jnjnBt7Rt6i5+sqjjoKj1bkvAEVwA==}
    cpu: [x64]
    os: [linux]

  sst-linux-x86@3.2.11:
    resolution: {integrity: sha512-iDnvWBoWbj+NxY0TW95T1/szKC5kFN7mSZ/OsVrhlkgCyhl4RwO3FaK5r1OXbC/qpvSMhV9Hm0+Xi+yu8jtoBA==}
    cpu: [x86]
    os: [linux]

  sst@3.2.11:
    resolution: {integrity: sha512-nG4Vu5JmOjZg0je6ek76TBmJ02oAlMM2lHEm8qdBYd7+ccvuvKadWtxWQz2/gTtqE40SpSmaH/fqEQRPUH+ELg==}
    hasBin: true
    peerDependencies:
      hono: 4.x
      valibot: 0.30.x
    peerDependenciesMeta:
      hono:
        optional: true
      valibot:
        optional: true

  typescript@5.6.3:
    resolution: {integrity: sha512-hjcS1mhfuyi4WW8IWtjP7brDrG2cuDZukyrYrSauoXGNgx0S7zceP07adYkJycEr56BOUTNPzbInooiN3fn1qw==}
    engines: {node: '>=14.17'}
    hasBin: true

  undici-types@6.19.8:
    resolution: {integrity: sha512-ve2KP6f/JnbPBFyobGHuerC9g1FYGn/F8n1LWTwNxCEzd6IfqTwUQcNXgEtmmQ6DlRrC1hrSrBnCZPokRrDHjw==}

  yallist@4.0.0:
    resolution: {integrity: sha512-3wdGidZyq5PB084XLES5TpOSRA3wjXAlIWMhum2kRcv/41Sn2emQ0dycQW4uZXLejwKvg6EsvbdlVL+FYEct7A==}

snapshots:

  '@types/aws-lambda@8.10.145': {}

  '@types/node@22.7.5':
    dependencies:
      undici-types: 6.19.8

  aws4fetch@1.0.20: {}

  jose@4.15.9: {}

  jose@5.2.3: {}

  lru-cache@6.0.0:
    dependencies:
      yallist: 4.0.0

  object-hash@2.2.0: {}

  oidc-token-hash@5.0.3: {}

  openid-client@5.6.4:
    dependencies:
      jose: 4.15.9
      lru-cache: 6.0.0
      object-hash: 2.2.0
      oidc-token-hash: 5.0.3

  sst-darwin-arm64@3.2.11:
    optional: true

  sst-darwin-x64@3.2.11:
    optional: true

  sst-linux-arm64@3.2.11:
    optional: true

  sst-linux-x64@3.2.11:
    optional: true

  sst-linux-x86@3.2.11:
    optional: true

  sst@3.2.11:
    dependencies:
      aws4fetch: 1.0.20
      jose: 5.2.3
      openid-client: 5.6.4
    optionalDependencies:
      sst-darwin-arm64: 3.2.11
      sst-darwin-x64: 3.2.11
      sst-linux-arm64: 3.2.11
      sst-linux-x64: 3.2.11
      sst-linux-x86: 3.2.11

  typescript@5.6.3: {}

  undici-types@6.19.8: {}

  yallist@4.0.0: {}
